
Microsoft Visual Studio Solution File, Format Version 12.00
# Visual Studio 15
VisualStudioVersion = 15.0.27428.2015
MinimumVisualStudioVersion = 10.0.40219.1
Project("{FAE04EC0-301F-11D3-BF4B-00C04F79EFBC}") = "Sports", "Sports\Sports.csproj", "{277C8978-16B8-49E9-B7C5-385D5B1CC9AB}"
EndProject
Global
	GlobalSection(SolutionConfigurationPlatforms) = preSolution
		Debug|Any CPU = Debug|Any CPU
		Release|Any CPU = Release|Any CPU
	EndGlobalSection
	GlobalSection(ProjectConfigurationPlatforms) = postSolution
		{277C8978-16B8-49E9-B7C5-385D5B1CC9AB}.Debug|Any CPU.ActiveCfg = Debug|Any CPU
		{277C8978-16B8-49E9-B7C5-385D5B1CC9AB}.Debug|Any CPU.Build.0 = Debug|Any CPU
		{277C8978-16B8-49E9-B7C5-385D5B1CC9AB}.Release|Any CPU.ActiveCfg = Release|Any CPU
		{277C8978-16B8-49E9-B7C5-385D5B1CC9AB}.Release|Any CPU.Build.0 = Release|Any CPU
	EndGlobalSection
	GlobalSection(SolutionProperties) = preSolution
		HideSolutionNode = FALSE
	EndGlobalSection
	GlobalSection(ExtensibilityGlobals) = postSolution
		SolutionGuid = {3F0F4AEC-47DC-4B88-870D-031FCAD2CADF}
	EndGlobalSection
EndGlobal
